
Microsoft Visual Studio Solution File, Format Version 12.00
# Visual Studio Version 16
VisualStudioVersion = 16.0.31205.134
MinimumVisualStudioVersion = 10.0.40219.1
Project("{FAE04EC0-301F-11D3-BF4B-00C04F79EFBC}") = "move_label", "move_label\move_label.csproj", "{2B6104B0-1CEA-4DCE-9F73-EF4C5FCE5C6C}"
EndProject
Global
	GlobalSection(SolutionConfigurationPlatforms) = preSolution
		Debug|Any CPU = Debug|Any CPU
		Release|Any CPU = Release|Any CPU
	EndGlobalSection
	GlobalSection(ProjectConfigurationPlatforms) = postSolution
		{2B6104B0-1CEA-4DCE-9F73-EF4C5FCE5C6C}.Debug|Any CPU.ActiveCfg = Debug|Any CPU
		{2B6104B0-1CEA-4DCE-9F73-EF4C5FCE5C6C}.Debug|Any CPU.Build.0 = Debug|Any CPU
		{2B6104B0-1CEA-4DCE-9F73-EF4C5FCE5C6C}.Release|Any CPU.ActiveCfg = Release|Any CPU
		{2B6104B0-1CEA-4DCE-9F73-EF4C5FCE5C6C}.Release|Any CPU.Build.0 = Release|Any CPU
	EndGlobalSection
	GlobalSection(SolutionProperties) = preSolution
		HideSolutionNode = FALSE
	EndGlobalSection
	GlobalSection(ExtensibilityGlobals) = postSolution
		SolutionGuid = {8367BB1D-39CB-4033-B474-CD98A50B06FA}
	EndGlobalSection
EndGlobal
